// !$*UTF8*$!
{
	archiveVersion = 1;
	classes = {
	};
	objectVersion = 55;
	objects = {

/* Begin PBXBuildFile section */
		0457A76828E98ED700EE46CB /* IBSdevelopmentiOSTestTaskApp.swift in Sources */ = {isa = PBXBuildFile; fileRef = 0457A76728E98ED700EE46CB /* IBSdevelopmentiOSTestTaskApp.swift */; };
		0457A76A28E98ED700EE46CB /* ContentView.swift in Sources */ = {isa = PBXBuildFile; fileRef = 0457A76928E98ED700EE46CB /* ContentView.swift */; };
		0457A76C28E98EDB00EE46CB /* Assets.xcassets in Resources */ = {isa = PBXBuildFile; fileRef = 0457A76B28E98EDB00EE46CB /* Assets.xcassets */; };
		0457A76F28E98EDB00EE46CB /* Preview Assets.xcassets in Resources */ = {isa = PBXBuildFile; fileRef = 0457A76E28E98EDB00EE46CB /* Preview Assets.xcassets */; };
		0457A78328E98EDB00EE46CB /* IBSdevelopmentiOSTestTaskUITests.swift in Sources */ = {isa = PBXBuildFile; fileRef = 0457A78228E98EDB00EE46CB /* IBSdevelopmentiOSTestTaskUITests.swift */; };
		0457A78528E98EDB00EE46CB /* IBSdevelopmentiOSTestTaskUITestsLaunchTests.swift in Sources */ = {isa = PBXBuildFile; fileRef = 0457A78428E98EDB00EE46CB /* IBSdevelopmentiOSTestTaskUITestsLaunchTests.swift */; };
		0457A79328E9921000EE46CB /* NetworkManager.swift in Sources */ = {isa = PBXBuildFile; fileRef = 0457A79228E9921000EE46CB /* NetworkManager.swift */; };
		0457A79628E9933100EE46CB /* ResponseModel.swift in Sources */ = {isa = PBXBuildFile; fileRef = 0457A79528E9933100EE46CB /* ResponseModel.swift */; };
		0457A79928E9957100EE46CB /* Repository.swift in Sources */ = {isa = PBXBuildFile; fileRef = 0457A79828E9957100EE46CB /* Repository.swift */; };
		0457A79C28E9BA3F00EE46CB /* Loginview.swift in Sources */ = {isa = PBXBuildFile; fileRef = 0457A79B28E9BA3F00EE46CB /* Loginview.swift */; };
		0457A79F28E9BABB00EE46CB /* FloatingTextField.swift in Sources */ = {isa = PBXBuildFile; fileRef = 0457A79E28E9BABB00EE46CB /* FloatingTextField.swift */; };
		0457A7A128E9D47C00EE46CB /* ViewModel.swift in Sources */ = {isa = PBXBuildFile; fileRef = 0457A7A028E9D47C00EE46CB /* ViewModel.swift */; };
		0457A7A528E9F39700EE46CB /* SingleUserView.swift in Sources */ = {isa = PBXBuildFile; fileRef = 0457A7A428E9F39700EE46CB /* SingleUserView.swift */; };
		0457A7A728E9F92300EE46CB /* Bodyview.swift in Sources */ = {isa = PBXBuildFile; fileRef = 0457A7A628E9F92300EE46CB /* Bodyview.swift */; };
		0457A7A928EAD79B00EE46CB /* MockRepository.swift in Sources */ = {isa = PBXBuildFile; fileRef = 0457A7A828EAD79B00EE46CB /* MockRepository.swift */; };
		0457A7AB28EAD82800EE46CB /* ViewModelTests.swift in Sources */ = {isa = PBXBuildFile; fileRef = 0457A7AA28EAD82800EE46CB /* ViewModelTests.swift */; };
/* End PBXBuildFile section */

/* Begin PBXContainerItemProxy section */
		0457A77528E98EDB00EE46CB /* PBXContainerItemProxy */ = {
			isa = PBXContainerItemProxy;
			containerPortal = 0457A75C28E98ED700EE46CB /* Project object */;
			proxyType = 1;
			remoteGlobalIDString = 0457A76328E98ED700EE46CB;
			remoteInfo = IBSdevelopmentiOSTestTask;
		};
		0457A77F28E98EDB00EE46CB /* PBXContainerItemProxy */ = {
			isa = PBXContainerItemProxy;
			containerPortal = 0457A75C28E98ED700EE46CB /* Project object */;
			proxyType = 1;
			remoteGlobalIDString = 0457A76328E98ED700EE46CB;
			remoteInfo = IBSdevelopmentiOSTestTask;
		};
/* End PBXContainerItemProxy section */

/* Begin PBXFileReference section */
		0457A76428E98ED700EE46CB /* IBSdevelopmentiOSTestTask.app */ = {isa = PBXFileReference; explicitFileType = wrapper.application; includeInIndex = 0; path = IBSdevelopmentiOSTestTask.app; sourceTree = BUILT_PRODUCTS_DIR; };
		0457A76728E98ED700EE46CB /* IBSdevelopmentiOSTestTaskApp.swift */ = {isa = PBXFileReference; lastKnownFileType = sourcecode.swift; path = IBSdevelopmentiOSTestTaskApp.swift; sourceTree = "<group>"; };
		0457A76928E98ED700EE46CB /* ContentView.swift */ = {isa = PBXFileReference; lastKnownFileType = sourcecode.swift; path = ContentView.swift; sourceTree = "<group>"; };
		0457A76B28E98EDB00EE46CB /* Assets.xcassets */ = {isa = PBXFileReference; lastKnownFileType = folder.assetcatalog; path = Assets.xcassets; sourceTree = "<group>"; };
		0457A76E28E98EDB00EE46CB /* Preview Assets.xcassets */ = {isa = PBXFileReference; lastKnownFileType = folder.assetcatalog; path = "Preview Assets.xcassets"; sourceTree = "<group>"; };
		0457A77428E98EDB00EE46CB /* IBSdevelopmentiOSTestTaskTests.xctest */ = {isa = PBXFileReference; explicitFileType = wrapper.cfbundle; includeInIndex = 0; path = IBSdevelopmentiOSTestTaskTests.xctest; sourceTree = BUILT_PRODUCTS_DIR; };
		0457A77E28E98EDB00EE46CB /* IBSdevelopmentiOSTestTaskUITests.xctest */ = {isa = PBXFileReference; explicitFileType = wrapper.cfbundle; includeInIndex = 0; path = IBSdevelopmentiOSTestTaskUITests.xctest; sourceTree = BUILT_PRODUCTS_DIR; };
		0457A78228E98EDB00EE46CB /* IBSdevelopmentiOSTestTaskUITests.swift */ = {isa = PBXFileReference; lastKnownFileType = sourcecode.swift; path = IBSdevelopmentiOSTestTaskUITests.swift; sourceTree = "<group>"; };
		0457A78428E98EDB00EE46CB /* IBSdevelopmentiOSTestTaskUITestsLaunchTests.swift */ = {isa = PBXFileReference; lastKnownFileType = sourcecode.swift; path = IBSdevelopmentiOSTestTaskUITestsLaunchTests.swift; sourceTree = "<group>"; };
		0457A79228E9921000EE46CB /* NetworkManager.swift */ = {isa = PBXFileReference; lastKnownFileType = sourcecode.swift; path = NetworkManager.swift; sourceTree = "<group>"; };
		0457A79528E9933100EE46CB /* ResponseModel.swift */ = {isa = PBXFileReference; lastKnownFileType = sourcecode.swift; path = ResponseModel.swift; sourceTree = "<group>"; };
		0457A79828E9957100EE46CB /* Repository.swift */ = {isa = PBXFileReference; lastKnownFileType = sourcecode.swift; path = Repository.swift; sourceTree = "<group>"; };
		0457A79B28E9BA3F00EE46CB /* Loginview.swift */ = {isa = PBXFileReference; lastKnownFileType = sourcecode.swift; path = Loginview.swift; sourceTree = "<group>"; };
		0457A79E28E9BABB00EE46CB /* FloatingTextField.swift */ = {isa = PBXFileReference; lastKnownFileType = sourcecode.swift; path = FloatingTextField.swift; sourceTree = "<group>"; };
		0457A7A028E9D47C00EE46CB /* ViewModel.swift */ = {isa = PBXFileReference; lastKnownFileType = sourcecode.swift; path = ViewModel.swift; sourceTree = "<group>"; };
		0457A7A428E9F39700EE46CB /* SingleUserView.swift */ = {isa = PBXFileReference; lastKnownFileType = sourcecode.swift; path = SingleUserView.swift; sourceTree = "<group>"; };
		0457A7A628E9F92300EE46CB /* Bodyview.swift */ = {isa = PBXFileReference; lastKnownFileType = sourcecode.swift; path = Bodyview.swift; sourceTree = "<group>"; };
		0457A7A828EAD79B00EE46CB /* MockRepository.swift */ = {isa = PBXFileReference; lastKnownFileType = sourcecode.swift; path = MockRepository.swift; sourceTree = "<group>"; };
		0457A7AA28EAD82800EE46CB /* ViewModelTests.swift */ = {isa = PBXFileReference; lastKnownFileType = sourcecode.swift; path = ViewModelTests.swift; sourceTree = "<group>"; };
/* End PBXFileReference section */

/* Begin PBXFrameworksBuildPhase section */
		0457A76128E98ED700EE46CB /* Frameworks */ = {
			isa = PBXFrameworksBuildPhase;
			buildActionMask = 2147483647;
			files = (
			);
			runOnlyForDeploymentPostprocessing = 0;
		};
		0457A77128E98EDB00EE46CB /* Frameworks */ = {
			isa = PBXFrameworksBuildPhase;
			buildActionMask = 2147483647;
			files = (
			);
			runOnlyForDeploymentPostprocessing = 0;
		};
		0457A77B28E98EDB00EE46CB /* Frameworks */ = {
			isa = PBXFrameworksBuildPhase;
			buildActionMask = 2147483647;
			files = (
			);
			runOnlyForDeploymentPostprocessing = 0;
		};
/* End PBXFrameworksBuildPhase section */

/* Begin PBXGroup section */
		0457A75B28E98ED700EE46CB = {
			isa = PBXGroup;
			children = (
				0457A76628E98ED700EE46CB /* IBSdevelopmentiOSTestTask */,
				0457A77728E98EDB00EE46CB /* IBSdevelopmentiOSTestTaskTests */,
				0457A78128E98EDB00EE46CB /* IBSdevelopmentiOSTestTaskUITests */,
				0457A76528E98ED700EE46CB /* Products */,
			);
			sourceTree = "<group>";
		};
		0457A76528E98ED700EE46CB /* Products */ = {
			isa = PBXGroup;
			children = (
				0457A76428E98ED700EE46CB /* IBSdevelopmentiOSTestTask.app */,
				0457A77428E98EDB00EE46CB /* IBSdevelopmentiOSTestTaskTests.xctest */,
				0457A77E28E98EDB00EE46CB /* IBSdevelopmentiOSTestTaskUITests.xctest */,
			);
			name = Products;
			sourceTree = "<group>";
		};
		0457A76628E98ED700EE46CB /* IBSdevelopmentiOSTestTask */ = {
			isa = PBXGroup;
			children = (
				0457A79D28E9BAA400EE46CB /* Components */,
				0457A79A28E9BA2E00EE46CB /* Views */,
				0457A79728E9955E00EE46CB /* Repository */,
				0457A79428E9932200EE46CB /* Model */,
				0457A79128E991F800EE46CB /* NetworkManager */,
				0457A76728E98ED700EE46CB /* IBSdevelopmentiOSTestTaskApp.swift */,
				0457A76928E98ED700EE46CB /* ContentView.swift */,
				0457A76B28E98EDB00EE46CB /* Assets.xcassets */,
				0457A76D28E98EDB00EE46CB /* Preview Content */,
			);
			path = IBSdevelopmentiOSTestTask;
			sourceTree = "<group>";
		};
		0457A76D28E98EDB00EE46CB /* Preview Content */ = {
			isa = PBXGroup;
			children = (
				0457A76E28E98EDB00EE46CB /* Preview Assets.xcassets */,
			);
			path = "Preview Content";
			sourceTree = "<group>";
		};
		0457A77728E98EDB00EE46CB /* IBSdevelopmentiOSTestTaskTests */ = {
			isa = PBXGroup;
			children = (
				0457A7A828EAD79B00EE46CB /* MockRepository.swift */,
				0457A7AA28EAD82800EE46CB /* ViewModelTests.swift */,
			);
			path = IBSdevelopmentiOSTestTaskTests;
			sourceTree = "<group>";
		};
		0457A78128E98EDB00EE46CB /* IBSdevelopmentiOSTestTaskUITests */ = {
			isa = PBXGroup;
			children = (
				0457A78228E98EDB00EE46CB /* IBSdevelopmentiOSTestTaskUITests.swift */,
				0457A78428E98EDB00EE46CB /* IBSdevelopmentiOSTestTaskUITestsLaunchTests.swift */,
			);
			path = IBSdevelopmentiOSTestTaskUITests;
			sourceTree = "<group>";
		};
		0457A79128E991F800EE46CB /* NetworkManager */ = {
			isa = PBXGroup;
			children = (
				0457A79228E9921000EE46CB /* NetworkManager.swift */,
			);
			path = NetworkManager;
			sourceTree = "<group>";
		};
		0457A79428E9932200EE46CB /* Model */ = {
			isa = PBXGroup;
			children = (
				0457A79528E9933100EE46CB /* ResponseModel.swift */,
			);
			path = Model;
			sourceTree = "<group>";
		};
		0457A79728E9955E00EE46CB /* Repository */ = {
			isa = PBXGroup;
			children = (
				0457A79828E9957100EE46CB /* Repository.swift */,
			);
			path = Repository;
			sourceTree = "<group>";
		};
		0457A79A28E9BA2E00EE46CB /* Views */ = {
			isa = PBXGroup;
			children = (
				0457A79B28E9BA3F00EE46CB /* Loginview.swift */,
				0457A7A028E9D47C00EE46CB /* ViewModel.swift */,
				0457A7A628E9F92300EE46CB /* Bodyview.swift */,
			);
			path = Views;
			sourceTree = "<group>";
		};
		0457A79D28E9BAA400EE46CB /* Components */ = {
			isa = PBXGroup;
			children = (
				0457A79E28E9BABB00EE46CB /* FloatingTextField.swift */,
				0457A7A428E9F39700EE46CB /* SingleUserView.swift */,
			);
			path = Components;
			sourceTree = "<group>";
		};
/* End PBXGroup section */

/* Begin PBXNativeTarget section */
		0457A76328E98ED700EE46CB /* IBSdevelopmentiOSTestTask */ = {
			isa = PBXNativeTarget;
			buildConfigurationList = 0457A78828E98EDB00EE46CB /* Build configuration list for PBXNativeTarget "IBSdevelopmentiOSTestTask" */;
			buildPhases = (
				0457A76028E98ED700EE46CB /* Sources */,
				0457A76128E98ED700EE46CB /* Frameworks */,
				0457A76228E98ED700EE46CB /* Resources */,
			);
			buildRules = (
			);
			dependencies = (
			);
			name = IBSdevelopmentiOSTestTask;
			productName = IBSdevelopmentiOSTestTask;
			productReference = 0457A76428E98ED700EE46CB /* IBSdevelopmentiOSTestTask.app */;
			productType = "com.apple.product-type.application";
		};
		0457A77328E98EDB00EE46CB /* IBSdevelopmentiOSTestTaskTests */ = {
			isa = PBXNativeTarget;
			buildConfigurationList = 0457A78B28E98EDB00EE46CB /* Build configuration list for PBXNativeTarget "IBSdevelopmentiOSTestTaskTests" */;
			buildPhases = (
				0457A77028E98EDB00EE46CB /* Sources */,
				0457A77128E98EDB00EE46CB /* Frameworks */,
				0457A77228E98EDB00EE46CB /* Resources */,
			);
			buildRules = (
			);
			dependencies = (
				0457A77628E98EDB00EE46CB /* PBXTargetDependency */,
			);
			name = IBSdevelopmentiOSTestTaskTests;
			productName = IBSdevelopmentiOSTestTaskTests;
			productReference = 0457A77428E98EDB00EE46CB /* IBSdevelopmentiOSTestTaskTests.xctest */;
			productType = "com.apple.product-type.bundle.unit-test";
		};
		0457A77D28E98EDB00EE46CB /* IBSdevelopmentiOSTestTaskUITests */ = {
			isa = PBXNativeTarget;
			buildConfigurationList = 0457A78E28E98EDB00EE46CB /* Build configuration list for PBXNativeTarget "IBSdevelopmentiOSTestTaskUITests" */;
			buildPhases = (
				0457A77A28E98EDB00EE46CB /* Sources */,
				0457A77B28E98EDB00EE46CB /* Frameworks */,
				0457A77C28E98EDB00EE46CB /* Resources */,
			);
			buildRules = (
			);
			dependencies = (
				0457A78028E98EDB00EE46CB /* PBXTargetDependency */,
			);
			name = IBSdevelopmentiOSTestTaskUITests;
			productName = IBSdevelopmentiOSTestTaskUITests;
			productReference = 0457A77E28E98EDB00EE46CB /* IBSdevelopmentiOSTestTaskUITests.xctest */;
			productType = "com.apple.product-type.bundle.ui-testing";
		};
/* End PBXNativeTarget section */

/* Begin PBXProject section */
		0457A75C28E98ED700EE46CB /* Project object */ = {
			isa = PBXProject;
			attributes = {
				BuildIndependentTargetsInParallel = 1;
				LastSwiftUpdateCheck = 1330;
				LastUpgradeCheck = 1330;
				TargetAttributes = {
					0457A76328E98ED700EE46CB = {
						CreatedOnToolsVersion = 13.3;
					};
					0457A77328E98EDB00EE46CB = {
						CreatedOnToolsVersion = 13.3;
						TestTargetID = 0457A76328E98ED700EE46CB;
					};
					0457A77D28E98EDB00EE46CB = {
						CreatedOnToolsVersion = 13.3;
						TestTargetID = 0457A76328E98ED700EE46CB;
					};
				};
			};
			buildConfigurationList = 0457A75F28E98ED700EE46CB /* Build configuration list for PBXProject "IBSdevelopmentiOSTestTask" */;
			compatibilityVersion = "Xcode 13.0";
			developmentRegion = en;
			hasScannedForEncodings = 0;
			knownRegions = (
				en,
				Base,
			);
			mainGroup = 0457A75B28E98ED700EE46CB;
			productRefGroup = 0457A76528E98ED700EE46CB /* Products */;
			projectDirPath = "";
			projectRoot = "";
			targets = (
				0457A76328E98ED700EE46CB /* IBSdevelopmentiOSTestTask */,
				0457A77328E98EDB00EE46CB /* IBSdevelopmentiOSTestTaskTests */,
				0457A77D28E98EDB00EE46CB /* IBSdevelopmentiOSTestTaskUITests */,
			);
		};
/* End PBXProject section */

/* Begin PBXResourcesBuildPhase section */
		0457A76228E98ED700EE46CB /* Resources */ = {
			isa = PBXResourcesBuildPhase;
			buildActionMask = 2147483647;
			files = (
				0457A76F28E98EDB00EE46CB /* Preview Assets.xcassets in Resources */,
				0457A76C28E98EDB00EE46CB /* Assets.xcassets in Resources */,
			);
			runOnlyForDeploymentPostprocessing = 0;
		};
		0457A77228E98EDB00EE46CB /* Resources */ = {
			isa = PBXResourcesBuildPhase;
			buildActionMask = 2147483647;
			files = (
			);
			runOnlyForDeploymentPostprocessing = 0;
		};
		0457A77C28E98EDB00EE46CB /* Resources */ = {
			isa = PBXResourcesBuildPhase;
			buildActionMask = 2147483647;
			files = (
			);
			runOnlyForDeploymentPostprocessing = 0;
		};
/* End PBXResourcesBuildPhase section */

/* Begin PBXSourcesBuildPhase section */
		0457A76028E98ED700EE46CB /* Sources */ = {
			isa = PBXSourcesBuildPhase;
			buildActionMask = 2147483647;
			files = (
				0457A7A728E9F92300EE46CB /* Bodyview.swift in Sources */,
				0457A79C28E9BA3F00EE46CB /* Loginview.swift in Sources */,
				0457A79328E9921000EE46CB /* NetworkManager.swift in Sources */,
				0457A76A28E98ED700EE46CB /* ContentView.swift in Sources */,
				0457A79928E9957100EE46CB /* Repository.swift in Sources */,
				0457A79F28E9BABB00EE46CB /* FloatingTextField.swift in Sources */,
				0457A79628E9933100EE46CB /* ResponseModel.swift in Sources */,
				0457A7A128E9D47C00EE46CB /* ViewModel.swift in Sources */,
				0457A7A528E9F39700EE46CB /* SingleUserView.swift in Sources */,
				0457A76828E98ED700EE46CB /* IBSdevelopmentiOSTestTaskApp.swift in Sources */,
			);
			runOnlyForDeploymentPostprocessing = 0;
		};
		0457A77028E98EDB00EE46CB /* Sources */ = {
			isa = PBXSourcesBuildPhase;
			buildActionMask = 2147483647;
			files = (
				0457A7A928EAD79B00EE46CB /* MockRepository.swift in Sources */,
				0457A7AB28EAD82800EE46CB /* ViewModelTests.swift in Sources */,
			);
			runOnlyForDeploymentPostprocessing = 0;
		};
		0457A77A28E98EDB00EE46CB /* Sources */ = {
			isa = PBXSourcesBuildPhase;
			buildActionMask = 2147483647;
			files = (
				0457A78528E98EDB00EE46CB /* IBSdevelopmentiOSTestTaskUITestsLaunchTests.swift in Sources */,
				0457A78328E98EDB00EE46CB /* IBSdevelopmentiOSTestTaskUITests.swift in Sources */,
			);
			runOnlyForDeploymentPostprocessing = 0;
		};
/* End PBXSourcesBuildPhase section */

/* Begin PBXTargetDependency section */
		0457A77628E98EDB00EE46CB /* PBXTargetDependency */ = {
			isa = PBXTargetDependency;
			target = 0457A76328E98ED700EE46CB /* IBSdevelopmentiOSTestTask */;
			targetProxy = 0457A77528E98EDB00EE46CB /* PBXContainerItemProxy */;
		};
		0457A78028E98EDB00EE46CB /* PBXTargetDependency */ = {
			isa = PBXTargetDependency;
			target = 0457A76328E98ED700EE46CB /* IBSdevelopmentiOSTestTask */;
			targetProxy = 0457A77F28E98EDB00EE46CB /* PBXContainerItemProxy */;
		};
/* End PBXTargetDependency section */

/* Begin XCBuildConfiguration section */
		0457A78628E98EDB00EE46CB /* Debug */ = {
			isa = XCBuildConfiguration;
			buildSettings = {
				ALWAYS_SEARCH_USER_PATHS = NO;
				CLANG_ANALYZER_NONNULL = YES;
				CLANG_ANALYZER_NUMBER_OBJECT_CONVERSION = YES_AGGRESSIVE;
				CLANG_CXX_LANGUAGE_STANDARD = "gnu++17";
				CLANG_ENABLE_MODULES = YES;
				CLANG_ENABLE_OBJC_ARC = YES;
				CLANG_ENABLE_OBJC_WEAK = YES;
				CLANG_WARN_BLOCK_CAPTURE_AUTORELEASING = YES;
				CLANG_WARN_BOOL_CONVERSION = YES;
				CLANG_WARN_COMMA = YES;
				CLANG_WARN_CONSTANT_CONVERSION = YES;
				CLANG_WARN_DEPRECATED_OBJC_IMPLEMENTATIONS = YES;
				CLANG_WARN_DIRECT_OBJC_ISA_USAGE = YES_ERROR;
				CLANG_WARN_DOCUMENTATION_COMMENTS = YES;
				CLANG_WARN_EMPTY_BODY = YES;
				CLANG_WARN_ENUM_CONVERSION = YES;
				CLANG_WARN_INFINITE_RECURSION = YES;
				CLANG_WARN_INT_CONVERSION = YES;
				CLANG_WARN_NON_LITERAL_NULL_CONVERSION = YES;
				CLANG_WARN_OBJC_IMPLICIT_RETAIN_SELF = YES;
				CLANG_WARN_OBJC_LITERAL_CONVERSION = YES;
				CLANG_WARN_OBJC_ROOT_CLASS = YES_ERROR;
				CLANG_WARN_QUOTED_INCLUDE_IN_FRAMEWORK_HEADER = YES;
				CLANG_WARN_RANGE_LOOP_ANALYSIS = YES;
				CLANG_WARN_STRICT_PROTOTYPES = YES;
				CLANG_WARN_SUSPICIOUS_MOVE = YES;
				CLANG_WARN_UNGUARDED_AVAILABILITY = YES_AGGRESSIVE;
				CLANG_WARN_UNREACHABLE_CODE = YES;
				CLANG_WARN__DUPLICATE_METHOD_MATCH = YES;
				COPY_PHASE_STRIP = NO;
				DEBUG_INFORMATION_FORMAT = dwarf;
				ENABLE_STRICT_OBJC_MSGSEND = YES;
				ENABLE_TESTABILITY = YES;
				GCC_C_LANGUAGE_STANDARD = gnu11;
				GCC_DYNAMIC_NO_PIC = NO;
				GCC_NO_COMMON_BLOCKS = YES;
				GCC_OPTIMIZATION_LEVEL = 0;
				GCC_PREPROCESSOR_DEFINITIONS = (
					"DEBUG=1",
					"$(inherited)",
				);
				GCC_WARN_64_TO_32_BIT_CONVERSION = YES;
				GCC_WARN_ABOUT_RETURN_TYPE = YES_ERROR;
				GCC_WARN_UNDECLARED_SELECTOR = YES;
				GCC_WARN_UNINITIALIZED_AUTOS = YES_AGGRESSIVE;
				GCC_WARN_UNUSED_FUNCTION = YES;
				GCC_WARN_UNUSED_VARIABLE = YES;
				IPHONEOS_DEPLOYMENT_TARGET = 15.4;
				MTL_ENABLE_DEBUG_INFO = INCLUDE_SOURCE;
				MTL_FAST_MATH = YES;
				ONLY_ACTIVE_ARCH = YES;
				SDKROOT = iphoneos;
				SWIFT_ACTIVE_COMPILATION_CONDITIONS = DEBUG;
				SWIFT_OPTIMIZATION_LEVEL = "-Onone";
			};
			name = Debug;
		};
		0457A78728E98EDB00EE46CB /* Release */ = {
			isa = XCBuildConfiguration;
			buildSettings = {
				ALWAYS_SEARCH_USER_PATHS = NO;
				CLANG_ANALYZER_NONNULL = YES;
				CLANG_ANALYZER_NUMBER_OBJECT_CONVERSION = YES_AGGRESSIVE;
				CLANG_CXX_LANGUAGE_STANDARD = "gnu++17";
				CLANG_ENABLE_MODULES = YES;
				CLANG_ENABLE_OBJC_ARC = YES;
				CLANG_ENABLE_OBJC_WEAK = YES;
				CLANG_WARN_BLOCK_CAPTURE_AUTORELEASING = YES;
				CLANG_WARN_BOOL_CONVERSION = YES;
				CLANG_WARN_COMMA = YES;
				CLANG_WARN_CONSTANT_CONVERSION = YES;
				CLANG_WARN_DEPRECATED_OBJC_IMPLEMENTATIONS = YES;
				CLANG_WARN_DIRECT_OBJC_ISA_USAGE = YES_ERROR;
				CLANG_WARN_DOCUMENTATION_COMMENTS = YES;
				CLANG_WARN_EMPTY_BODY = YES;
				CLANG_WARN_ENUM_CONVERSION = YES;
				CLANG_WARN_INFINITE_RECURSION = YES;
				CLANG_WARN_INT_CONVERSION = YES;
				CLANG_WARN_NON_LITERAL_NULL_CONVERSION = YES;
				CLANG_WARN_OBJC_IMPLICIT_RETAIN_SELF = YES;
				CLANG_WARN_OBJC_LITERAL_CONVERSION = YES;
				CLANG_WARN_OBJC_ROOT_CLASS = YES_ERROR;
				CLANG_WARN_QUOTED_INCLUDE_IN_FRAMEWORK_HEADER = YES;
				CLANG_WARN_RANGE_LOOP_ANALYSIS = YES;
				CLANG_WARN_STRICT_PROTOTYPES = YES;
				CLANG_WARN_SUSPICIOUS_MOVE = YES;
				CLANG_WARN_UNGUARDED_AVAILABILITY = YES_AGGRESSIVE;
				CLANG_WARN_UNREACHABLE_CODE = YES;
				CLANG_WARN__DUPLICATE_METHOD_MATCH = YES;
				COPY_PHASE_STRIP = NO;
				DEBUG_INFORMATION_FORMAT = "dwarf-with-dsym";
				ENABLE_NS_ASSERTIONS = NO;
				ENABLE_STRICT_OBJC_MSGSEND = YES;
				GCC_C_LANGUAGE_STANDARD = gnu11;
				GCC_NO_COMMON_BLOCKS = YES;
				GCC_WARN_64_TO_32_BIT_CONVERSION = YES;
				GCC_WARN_ABOUT_RETURN_TYPE = YES_ERROR;
				GCC_WARN_UNDECLARED_SELECTOR = YES;
				GCC_WARN_UNINITIALIZED_AUTOS = YES_AGGRESSIVE;
				GCC_WARN_UNUSED_FUNCTION = YES;
				GCC_WARN_UNUSED_VARIABLE = YES;
				IPHONEOS_DEPLOYMENT_TARGET = 15.4;
				MTL_ENABLE_DEBUG_INFO = NO;
				MTL_FAST_MATH = YES;
				SDKROOT = iphoneos;
				SWIFT_COMPILATION_MODE = wholemodule;
				SWIFT_OPTIMIZATION_LEVEL = "-O";
				VALIDATE_PRODUCT = YES;
			};
			name = Release;
		};
		0457A78928E98EDB00EE46CB /* Debug */ = {
			isa = XCBuildConfiguration;
			buildSettings = {
				ASSETCATALOG_COMPILER_APPICON_NAME = AppIcon;
				ASSETCATALOG_COMPILER_GLOBAL_ACCENT_COLOR_NAME = AccentColor;
				CODE_SIGN_STYLE = Automatic;
				CURRENT_PROJECT_VERSION = 1;
				DEVELOPMENT_ASSET_PATHS = "\"IBSdevelopmentiOSTestTask/Preview Content\"";
				DEVELOPMENT_TEAM = FM2684XVHA;
				ENABLE_PREVIEWS = YES;
				GENERATE_INFOPLIST_FILE = YES;
				INFOPLIST_KEY_UIApplicationSceneManifest_Generation = YES;
				INFOPLIST_KEY_UIApplicationSupportsIndirectInputEvents = YES;
				INFOPLIST_KEY_UILaunchScreen_Generation = YES;
				INFOPLIST_KEY_UISupportedInterfaceOrientations_iPad = "UIInterfaceOrientationPortrait UIInterfaceOrientationPortraitUpsideDown UIInterfaceOrientationLandscapeLeft UIInterfaceOrientationLandscapeRight";
				INFOPLIST_KEY_UISupportedInterfaceOrientations_iPhone = "UIInterfaceOrientationPortrait UIInterfaceOrientationLandscapeLeft UIInterfaceOrientationLandscapeRight";
				LD_RUNPATH_SEARCH_PATHS = (
					"$(inherited)",
					"@executable_path/Frameworks",
				);
				MARKETING_VERSION = 1.0;
				PRODUCT_BUNDLE_IDENTIFIER = com.tee.com.IBSdevelopmentiOSTestTask;
				PRODUCT_NAME = "$(TARGET_NAME)";
				SWIFT_EMIT_LOC_STRINGS = YES;
				SWIFT_VERSION = 5.0;
				TARGETED_DEVICE_FAMILY = 1;
			};
			name = Debug;
		};
		0457A78A28E98EDB00EE46CB /* Release */ = {
			isa = XCBuildConfiguration;
			buildSettings = {
				ASSETCATALOG_COMPILER_APPICON_NAME = AppIcon;
				ASSETCATALOG_COMPILER_GLOBAL_ACCENT_COLOR_NAME = AccentColor;
				CODE_SIGN_STYLE = Automatic;
				CURRENT_PROJECT_VERSION = 1;
				DEVELOPMENT_ASSET_PATHS = "\"IBSdevelopmentiOSTestTask/Preview Content\"";
				DEVELOPMENT_TEAM = FM2684XVHA;
				ENABLE_PREVIEWS = YES;
				GENERATE_INFOPLIST_FILE = YES;
				INFOPLIST_KEY_UIApplicationSceneManifest_Generation = YES;
				INFOPLIST_KEY_UIApplicationSupportsIndirectInputEvents = YES;
				INFOPLIST_KEY_UILaunchScreen_Generation = YES;
				INFOPLIST_KEY_UISupportedInterfaceOrientations_iPad = "UIInterfaceOrientationPortrait UIInterfaceOrientationPortraitUpsideDown UIInterfaceOrientationLandscapeLeft UIInterfaceOrientationLandscapeRight";
				INFOPLIST_KEY_UISupportedInterfaceOrientations_iPhone = "UIInterfaceOrientationPortrait UIInterfaceOrientationLandscapeLeft UIInterfaceOrientationLandscapeRight";
				LD_RUNPATH_SEARCH_PATHS = (
					"$(inherited)",
					"@executable_path/Frameworks",
				);
				MARKETING_VERSION = 1.0;
				PRODUCT_BUNDLE_IDENTIFIER = com.tee.com.IBSdevelopmentiOSTestTask;
				PRODUCT_NAME = "$(TARGET_NAME)";
				SWIFT_EMIT_LOC_STRINGS = YES;
				SWIFT_VERSION = 5.0;
				TARGETED_DEVICE_FAMILY = 1;
			};
			name = Release;
		};
		0457A78C28E98EDB00EE46CB /* Debug */ = {
			isa = XCBuildConfiguration;
			buildSettings = {
				ALWAYS_EMBED_SWIFT_STANDARD_LIBRARIES = YES;
				BUNDLE_LOADER = "$(TEST_HOST)";
				CODE_SIGN_STYLE = Automatic;
				CURRENT_PROJECT_VERSION = 1;
				DEVELOPMENT_TEAM = FM2684XVHA;
				GENERATE_INFOPLIST_FILE = YES;
				IPHONEOS_DEPLOYMENT_TARGET = 15.4;
				MARKETING_VERSION = 1.0;
				PRODUCT_BUNDLE_IDENTIFIER = com.tee.com.IBSdevelopmentiOSTestTaskTests;
				PRODUCT_NAME = "$(TARGET_NAME)";
				SWIFT_EMIT_LOC_STRINGS = NO;
				SWIFT_VERSION = 5.0;
				TARGETED_DEVICE_FAMILY = "1,2";
				TEST_HOST = "$(BUILT_PRODUCTS_DIR)/IBSdevelopmentiOSTestTask.app/IBSdevelopmentiOSTestTask";
			};
			name = Debug;
		};
		0457A78D28E98EDB00EE46CB /* Release */ = {
			isa = XCBuildConfiguration;
			buildSettings = {
				ALWAYS_EMBED_SWIFT_STANDARD_LIBRARIES = YES;
				BUNDLE_LOADER = "$(TEST_HOST)";
				CODE_SIGN_STYLE = Automatic;
				CURRENT_PROJECT_VERSION = 1;
				DEVELOPMENT_TEAM = FM2684XVHA;
				GENERATE_INFOPLIST_FILE = YES;
				IPHONEOS_DEPLOYMENT_TARGET = 15.4;
				MARKETING_VERSION = 1.0;
				PRODUCT_BUNDLE_IDENTIFIER = com.tee.com.IBSdevelopmentiOSTestTaskTests;
				PRODUCT_NAME = "$(TARGET_NAME)";
				SWIFT_EMIT_LOC_STRINGS = NO;
				SWIFT_VERSION = 5.0;
				TARGETED_DEVICE_FAMILY = "1,2";
				TEST_HOST = "$(BUILT_PRODUCTS_DIR)/IBSdevelopmentiOSTestTask.app/IBSdevelopmentiOSTestTask";
			};
			name = Release;
		};
		0457A78F28E98EDB00EE46CB /* Debug */ = {
			isa = XCBuildConfiguration;
			buildSettings = {
				ALWAYS_EMBED_SWIFT_STANDARD_LIBRARIES = YES;
				CODE_SIGN_STYLE = Automatic;
				CURRENT_PROJECT_VERSION = 1;
				DEVELOPMENT_TEAM = FM2684XVHA;
				GENERATE_INFOPLIST_FILE = YES;
				MARKETING_VERSION = 1.0;
				PRODUCT_BUNDLE_IDENTIFIER = com.tee.com.IBSdevelopmentiOSTestTaskUITests;
				PRODUCT_NAME = "$(TARGET_NAME)";
				SWIFT_EMIT_LOC_STRINGS = NO;
				SWIFT_VERSION = 5.0;
				TARGETED_DEVICE_FAMILY = "1,2";
				TEST_TARGET_NAME = IBSdevelopmentiOSTestTask;
			};
			name = Debug;
		};
		0457A79028E98EDB00EE46CB /* Release */ = {
			isa = XCBuildConfiguration;
			buildSettings = {
				ALWAYS_EMBED_SWIFT_STANDARD_LIBRARIES = YES;
				CODE_SIGN_STYLE = Automatic;
				CURRENT_PROJECT_VERSION = 1;
				DEVELOPMENT_TEAM = FM2684XVHA;
				GENERATE_INFOPLIST_FILE = YES;
				MARKETING_VERSION = 1.0;
				PRODUCT_BUNDLE_IDENTIFIER = com.tee.com.IBSdevelopmentiOSTestTaskUITests;
				PRODUCT_NAME = "$(TARGET_NAME)";
				SWIFT_EMIT_LOC_STRINGS = NO;
				SWIFT_VERSION = 5.0;
				TARGETED_DEVICE_FAMILY = "1,2";
				TEST_TARGET_NAME = IBSdevelopmentiOSTestTask;
			};
			name = Release;
		};
/* End XCBuildConfiguration section */

/* Begin XCConfigurationList section */
		0457A75F28E98ED700EE46CB /* Build configuration list for PBXProject "IBSdevelopmentiOSTestTask" */ = {
			isa = XCConfigurationList;
			buildConfigurations = (
				0457A78628E98EDB00EE46CB /* Debug */,
				0457A78728E98EDB00EE46CB /* Release */,
			);
			defaultConfigurationIsVisible = 0;
			defaultConfigurationName = Release;
		};
		0457A78828E98EDB00EE46CB /* Build configuration list for PBXNativeTarget "IBSdevelopmentiOSTestTask" */ = {
			isa = XCConfigurationList;
			buildConfigurations = (
				0457A78928E98EDB00EE46CB /* Debug */,
				0457A78A28E98EDB00EE46CB /* Release */,
			);
			defaultConfigurationIsVisible = 0;
			defaultConfigurationName = Release;
		};
		0457A78B28E98EDB00EE46CB /* Build configuration list for PBXNativeTarget "IBSdevelopmentiOSTestTaskTests" */ = {
			isa = XCConfigurationList;
			buildConfigurations = (
				0457A78C28E98EDB00EE46CB /* Debug */,
				0457A78D28E98EDB00EE46CB /* Release */,
			);
			defaultConfigurationIsVisible = 0;
			defaultConfigurationName = Release;
		};
		0457A78E28E98EDB00EE46CB /* Build configuration list for PBXNativeTarget "IBSdevelopmentiOSTestTaskUITests" */ = {
			isa = XCConfigurationList;
			buildConfigurations = (
				0457A78F28E98EDB00EE46CB /* Debug */,
				0457A79028E98EDB00EE46CB /* Release */,
			);
			defaultConfigurationIsVisible = 0;
			defaultConfigurationName = Release;
		};
/* End XCConfigurationList section */
	};
	rootObject = 0457A75C28E98ED700EE46CB /* Project object */;
}
